{
  "name": "pixels-web-api",
  "version": "1.0.0",
  "lockfileVersion": 1,
  "requires": true,
  "dependencies": {
    "fastintcompression": {
      "version": "0.0.3",
      "resolved": "https://registry.npmjs.org/fastintcompression/-/fastintcompression-0.0.3.tgz",
      "integrity": "sha512-QkAzzjHUa8t3l0z1wS228Krr9aHsqlfkf4I/2opTlAfnDB/VNF1ww5PwTimZMYRs5vpRUGJsol8kfMmrM0ymxg=="
    }
  }
}
